// !$*UTF8*$!
{
	archiveVersion = 1;
	classes = {
	};
	objectVersion = 50;
	objects = {

/* Begin PBXBuildFile section */
		DE2774651CADA8080051C283 /* AppDelegate.swift in Sources */ = {isa = PBXBuildFile; fileRef = DE2774641CADA8080051C283 /* AppDelegate.swift */; };
		DE2774691CADA8080051C283 /* Assets.xcassets in Resources */ = {isa = PBXBuildFile; fileRef = DE2774681CADA8080051C283 /* Assets.xcassets */; };
		DE2774771CADA8080051C283 /* iStudioTests.swift in Sources */ = {isa = PBXBuildFile; fileRef = DE2774761CADA8080051C283 /* iStudioTests.swift */; };
		DE2774821CADA8480051C283 /* Main.storyboard in Resources */ = {isa = PBXBuildFile; fileRef = DE2774811CADA8480051C283 /* Main.storyboard */; };
		DE2774841CADA8910051C283 /* ViewController.swift in Sources */ = {isa = PBXBuildFile; fileRef = DE2774831CADA8910051C283 /* ViewController.swift */; };
/* End PBXBuildFile section */

/* Begin PBXContainerItemProxy section */
		DE2774731CADA8080051C283 /* PBXContainerItemProxy */ = {
			isa = PBXContainerItemProxy;
			containerPortal = DE2774591CADA8080051C283 /* Project object */;
			proxyType = 1;
			remoteGlobalIDString = DE2774601CADA8080051C283;
			remoteInfo = iStudio;
		};
/* End PBXContainerItemProxy section */

/* Begin PBXFileReference section */
		DE2774611CADA8080051C283 /* iStudio.app */ = {isa = PBXFileReference; explicitFileType = wrapper.application; includeInIndex = 0; path = iStudio.app; sourceTree = BUILT_PRODUCTS_DIR; };
		DE2774641CADA8080051C283 /* AppDelegate.swift */ = {isa = PBXFileReference; lastKnownFileType = sourcecode.swift; path = AppDelegate.swift; sourceTree = "<group>"; };
		DE2774681CADA8080051C283 /* Assets.xcassets */ = {isa = PBXFileReference; lastKnownFileType = folder.assetcatalog; path = Assets.xcassets; sourceTree = "<group>"; };
		DE27746D1CADA8080051C283 /* Info.plist */ = {isa = PBXFileReference; lastKnownFileType = text.plist.xml; path = Info.plist; sourceTree = "<group>"; };
		DE2774721CADA8080051C283 /* iStudioTests.xctest */ = {isa = PBXFileReference; explicitFileType = wrapper.cfbundle; includeInIndex = 0; path = iStudioTests.xctest; sourceTree = BUILT_PRODUCTS_DIR; };
		DE2774761CADA8080051C283 /* iStudioTests.swift */ = {isa = PBXFileReference; lastKnownFileType = sourcecode.swift; path = iStudioTests.swift; sourceTree = "<group>"; };
		DE2774781CADA8080051C283 /* Info.plist */ = {isa = PBXFileReference; lastKnownFileType = text.plist.xml; path = Info.plist; sourceTree = "<group>"; };
		DE2774811CADA8480051C283 /* Main.storyboard */ = {isa = PBXFileReference; fileEncoding = 4; lastKnownFileType = file.storyboard; path = Main.storyboard; sourceTree = "<group>"; };
		DE2774831CADA8910051C283 /* ViewController.swift */ = {isa = PBXFileReference; fileEncoding = 4; lastKnownFileType = sourcecode.swift; path = ViewController.swift; sourceTree = "<group>"; };
/* End PBXFileReference section */

/* Begin PBXFrameworksBuildPhase section */
		DE27745E1CADA8080051C283 /* Frameworks */ = {
			isa = PBXFrameworksBuildPhase;
			buildActionMask = 2147483647;
			files = (
			);
			runOnlyForDeploymentPostprocessing = 0;
		};
		DE27746F1CADA8080051C283 /* Frameworks */ = {
			isa = PBXFrameworksBuildPhase;
			buildActionMask = 2147483647;
			files = (
			);
			runOnlyForDeploymentPostprocessing = 0;
		};
/* End PBXFrameworksBuildPhase section */

/* Begin PBXGroup section */
		DE2774581CADA8080051C283 = {
			isa = PBXGroup;
			children = (
				DE2774631CADA8080051C283 /* iStudio */,
				DE2774751CADA8080051C283 /* iStudioTests */,
				DE2774621CADA8080051C283 /* Products */,
			);
			sourceTree = "<group>";
		};
		DE2774621CADA8080051C283 /* Products */ = {
			isa = PBXGroup;
			children = (
				DE2774611CADA8080051C283 /* iStudio.app */,
				DE2774721CADA8080051C283 /* iStudioTests.xctest */,
			);
			name = Products;
			sourceTree = "<group>";
		};
		DE2774631CADA8080051C283 /* iStudio */ = {
			isa = PBXGroup;
			children = (
				DE2774831CADA8910051C283 /* ViewController.swift */,
				DE2774811CADA8480051C283 /* Main.storyboard */,
				DE2774641CADA8080051C283 /* AppDelegate.swift */,
				DE2774681CADA8080051C283 /* Assets.xcassets */,
				DE27746D1CADA8080051C283 /* Info.plist */,
			);
			path = iStudio;
			sourceTree = "<group>";
		};
		DE2774751CADA8080051C283 /* iStudioTests */ = {
			isa = PBXGroup;
			children = (
				DE2774761CADA8080051C283 /* iStudioTests.swift */,
				DE2774781CADA8080051C283 /* Info.plist */,
			);
			path = iStudioTests;
			sourceTree = "<group>";
		};
/* End PBXGroup section */

/* Begin PBXNativeTarget section */
		DE2774601CADA8080051C283 /* iStudio */ = {
			isa = PBXNativeTarget;
			buildConfigurationList = DE27747B1CADA8080051C283 /* Build configuration list for PBXNativeTarget "iStudio" */;
			buildPhases = (
				DE27745D1CADA8080051C283 /* Sources */,
				DE27745E1CADA8080051C283 /* Frameworks */,
				DE27745F1CADA8080051C283 /* Resources */,
			);
			buildRules = (
			);
			dependencies = (
			);
			name = iStudio;
			productName = iStudio;
			productReference = DE2774611CADA8080051C283 /* iStudio.app */;
			productType = "com.apple.product-type.application";
		};
		DE2774711CADA8080051C283 /* iStudioTests */ = {
			isa = PBXNativeTarget;
			buildConfigurationList = DE27747E1CADA8080051C283 /* Build configuration list for PBXNativeTarget "iStudioTests" */;
			buildPhases = (
				DE27746E1CADA8080051C283 /* Sources */,
				DE27746F1CADA8080051C283 /* Frameworks */,
				DE2774701CADA8080051C283 /* Resources */,
			);
			buildRules = (
			);
			dependencies = (
				DE2774741CADA8080051C283 /* PBXTargetDependency */,
			);
			name = iStudioTests;
			productName = iStudioTests;
			productReference = DE2774721CADA8080051C283 /* iStudioTests.xctest */;
			productType = "com.apple.product-type.bundle.unit-test";
		};
/* End PBXNativeTarget section */

/* Begin PBXProject section */
		DE2774591CADA8080051C283 /* Project object */ = {
			isa = PBXProject;
			attributes = {
				LastSwiftUpdateCheck = 0720;
				LastUpgradeCheck = 0930;
				ORGANIZATIONNAME = "Nate Torri";
				TargetAttributes = {
					DE2774601CADA8080051C283 = {
						CreatedOnToolsVersion = 7.2.1;
					};
					DE2774711CADA8080051C283 = {
						CreatedOnToolsVersion = 7.2.1;
						TestTargetID = DE2774601CADA8080051C283;
					};
				};
			};
			buildConfigurationList = DE27745C1CADA8080051C283 /* Build configuration list for PBXProject "iStudio" */;
			compatibilityVersion = "Xcode 9.3";
			developmentRegion = English;
			hasScannedForEncodings = 0;
			knownRegions = (
				en,
				Base,
			);
			mainGroup = DE2774581CADA8080051C283;
			productRefGroup = DE2774621CADA8080051C283 /* Products */;
			projectDirPath = "";
			projectRoot = "";
			targets = (
				DE2774601CADA8080051C283 /* iStudio */,
				DE2774711CADA8080051C283 /* iStudioTests */,
			);
		};
/* End PBXProject section */

/* Begin PBXResourcesBuildPhase section */
		DE27745F1CADA8080051C283 /* Resources */ = {
			isa = PBXResourcesBuildPhase;
			buildActionMask = 2147483647;
			files = (
				DE2774691CADA8080051C283 /* Assets.xcassets in Resources */,
				DE2774821CADA8480051C283 /* Main.storyboard in Resources */,
			);
			runOnlyForDeploymentPostprocessing = 0;
		};
		DE2774701CADA8080051C283 /* Resources */ = {
			isa = PBXResourcesBuildPhase;
			buildActionMask = 2147483647;
			files = (
			);
			runOnlyForDeploymentPostprocessing = 0;
		};
/* End PBXResourcesBuildPhase section */

/* Begin PBXSourcesBuildPhase section */
		DE27745D1CADA8080051C283 /* Sources */ = {
			isa = PBXSourcesBuildPhase;
			buildActionMask = 2147483647;
			files = (
				DE2774841CADA8910051C283 /* ViewController.swift in Sources */,
				DE2774651CADA8080051C283 /* AppDelegate.swift in Sources */,
			);
			runOnlyForDeploymentPostprocessing = 0;
		};
		DE27746E1CADA8080051C283 /* Sources */ = {
			isa = PBXSourcesBuildPhase;
			buildActionMask = 2147483647;
			files = (
				DE2774771CADA8080051C283 /* iStudioTests.swift in Sources */,
			);
			runOnlyForDeploymentPostprocessing = 0;
		};
/* End PBXSourcesBuildPhase section */

/* Begin PBXTargetDependency section */
		DE2774741CADA8080051C283 /* PBXTargetDependency */ = {
			isa = PBXTargetDependency;
			target = DE2774601CADA8080051C283 /* iStudio */;
			targetProxy = DE2774731CADA8080051C283 /* PBXContainerItemProxy */;
		};
/* End PBXTargetDependency section */

/* Begin XCBuildConfiguration section */
		DE2774791CADA8080051C283 /* Debug */ = {
			isa = XCBuildConfiguration;
			buildSettings = {
				ALWAYS_SEARCH_USER_PATHS = NO;
				CLANG_CXX_LANGUAGE_STANDARD = "gnu++0x";
				CLANG_CXX_LIBRARY = "libc++";
				CLANG_ENABLE_MODULES = YES;
				CLANG_ENABLE_OBJC_ARC = YES;
				CLANG_WARN_BLOCK_CAPTURE_AUTORELEASING = YES;
				CLANG_WARN_BOOL_CONVERSION = YES;
				CLANG_WARN_COMMA = YES;
				CLANG_WARN_CONSTANT_CONVERSION = YES;
				CLANG_WARN_DEPRECATED_OBJC_IMPLEMENTATIONS = YES;
				CLANG_WARN_DIRECT_OBJC_ISA_USAGE = YES_ERROR;
				CLANG_WARN_EMPTY_BODY = YES;
				CLANG_WARN_ENUM_CONVERSION = YES;
				CLANG_WARN_INFINITE_RECURSION = YES;
				CLANG_WARN_INT_CONVERSION = YES;
				CLANG_WARN_NON_LITERAL_NULL_CONVERSION = YES;
				CLANG_WARN_OBJC_IMPLICIT_RETAIN_SELF = YES;
				CLANG_WARN_OBJC_LITERAL_CONVERSION = YES;
				CLANG_WARN_OBJC_ROOT_CLASS = YES_ERROR;
				CLANG_WARN_RANGE_LOOP_ANALYSIS = YES;
				CLANG_WARN_STRICT_PROTOTYPES = YES;
				CLANG_WARN_SUSPICIOUS_MOVE = YES;
				CLANG_WARN_UNREACHABLE_CODE = YES;
				CLANG_WARN__DUPLICATE_METHOD_MATCH = YES;
				CODE_SIGN_IDENTITY = "-";
				COPY_PHASE_STRIP = NO;
				DEBUG_INFORMATION_FORMAT = dwarf;
				ENABLE_STRICT_OBJC_MSGSEND = YES;
				ENABLE_TESTABILITY = YES;
				GCC_C_LANGUAGE_STANDARD = gnu99;
				GCC_DYNAMIC_NO_PIC = NO;
				GCC_NO_COMMON_BLOCKS = YES;
				GCC_OPTIMIZATION_LEVEL = 0;
				GCC_PREPROCESSOR_DEFINITIONS = (
					"DEBUG=1",
					"$(inherited)",
				);
				GCC_WARN_64_TO_32_BIT_CONVERSION = YES;
				GCC_WARN_ABOUT_RETURN_TYPE = YES_ERROR;
				GCC_WARN_UNDECLARED_SELECTOR = YES;
				GCC_WARN_UNINITIALIZED_AUTOS = YES_AGGRESSIVE;
				GCC_WARN_UNUSED_FUNCTION = YES;
				GCC_WARN_UNUSED_VARIABLE = YES;
				MACOSX_DEPLOYMENT_TARGET = 10.12;
				MTL_ENABLE_DEBUG_INFO = YES;
				ONLY_ACTIVE_ARCH = YES;
				SDKROOT = macosx;
				SWIFT_COMPILATION_MODE = singlefile;
				SWIFT_OPTIMIZATION_LEVEL = "-Onone";
				SWIFT_VERSION = 4.0;
			};
			name = Debug;
		};
		DE27747A1CADA8080051C283 /* Release */ = {
			isa = XCBuildConfiguration;
			buildSettings = {
				ALWAYS_SEARCH_USER_PATHS = NO;
				CLANG_CXX_LANGUAGE_STANDARD = "gnu++0x";
				CLANG_CXX_LIBRARY = "libc++";
				CLANG_ENABLE_MODULES = YES;
				CLANG_ENABLE_OBJC_ARC = YES;
				CLANG_WARN_BLOCK_CAPTURE_AUTORELEASING = YES;
				CLANG_WARN_BOOL_CONVERSION = YES;
				CLANG_WARN_COMMA = YES;
				CLANG_WARN_CONSTANT_CONVERSION = YES;
				CLANG_WARN_DEPRECATED_OBJC_IMPLEMENTATIONS = YES;
				CLANG_WARN_DIRECT_OBJC_ISA_USAGE = YES_ERROR;
				CLANG_WARN_EMPTY_BODY = YES;
				CLANG_WARN_ENUM_CONVERSION = YES;
				CLANG_WARN_INFINITE_RECURSION = YES;
				CLANG_WARN_INT_CONVERSION = YES;
				CLANG_WARN_NON_LITERAL_NULL_CONVERSION = YES;
				CLANG_WARN_OBJC_IMPLICIT_RETAIN_SELF = YES;
				CLANG_WARN_OBJC_LITERAL_CONVERSION = YES;
				CLANG_WARN_OBJC_ROOT_CLASS = YES_ERROR;
				CLANG_WARN_RANGE_LOOP_ANALYSIS = YES;
				CLANG_WARN_STRICT_PROTOTYPES = YES;
				CLANG_WARN_SUSPICIOUS_MOVE = YES;
				CLANG_WARN_UNREACHABLE_CODE = YES;
				CLANG_WARN__DUPLICATE_METHOD_MATCH = YES;
				CODE_SIGN_IDENTITY = "-";
				COPY_PHASE_STRIP = NO;
				DEBUG_INFORMATION_FORMAT = "dwarf-with-dsym";
				ENABLE_NS_ASSERTIONS = NO;
				ENABLE_STRICT_OBJC_MSGSEND = YES;
				GCC_C_LANGUAGE_STANDARD = gnu99;
				GCC_NO_COMMON_BLOCKS = YES;
				GCC_WARN_64_TO_32_BIT_CONVERSION = YES;
				GCC_WARN_ABOUT_RETURN_TYPE = YES_ERROR;
				GCC_WARN_UNDECLARED_SELECTOR = YES;
				GCC_WARN_UNINITIALIZED_AUTOS = YES_AGGRESSIVE;
				GCC_WARN_UNUSED_FUNCTION = YES;
				GCC_WARN_UNUSED_VARIABLE = YES;
				MACOSX_DEPLOYMENT_TARGET = 10.12;
				MTL_ENABLE_DEBUG_INFO = NO;
				ONLY_ACTIVE_ARCH = YES;
				SDKROOT = macosx;
				SWIFT_COMPILATION_MODE = wholemodule;
				SWIFT_VERSION = 4.0;
			};
			name = Release;
		};
		DE27747C1CADA8080051C283 /* Debug */ = {
			isa = XCBuildConfiguration;
			buildSettings = {
				ASSETCATALOG_COMPILER_APPICON_NAME = AppIcon;
				COMBINE_HIDPI_IMAGES = YES;
				INFOPLIST_FILE = iStudio/Info.plist;
				LD_RUNPATH_SEARCH_PATHS = (
					"$(inherited)",
					"@executable_path/../Frameworks",
				);
				PRODUCT_BUNDLE_IDENTIFIER = com.torridigital.iStudio;
				PRODUCT_NAME = "$(TARGET_NAME)";
			};
			name = Debug;
		};
		DE27747D1CADA8080051C283 /* Release */ = {
			isa = XCBuildConfiguration;
			buildSettings = {
				ASSETCATALOG_COMPILER_APPICON_NAME = AppIcon;
				COMBINE_HIDPI_IMAGES = YES;
				INFOPLIST_FILE = iStudio/Info.plist;
				LD_RUNPATH_SEARCH_PATHS = (
					"$(inherited)",
					"@executable_path/../Frameworks",
				);
				PRODUCT_BUNDLE_IDENTIFIER = com.torridigital.iStudio;
				PRODUCT_NAME = "$(TARGET_NAME)";
			};
			name = Release;
		};
		DE27747F1CADA8080051C283 /* Debug */ = {
			isa = XCBuildConfiguration;
			buildSettings = {
				BUNDLE_LOADER = "$(TEST_HOST)";
				COMBINE_HIDPI_IMAGES = YES;
				INFOPLIST_FILE = iStudioTests/Info.plist;
				LD_RUNPATH_SEARCH_PATHS = (
					"$(inherited)",
					"@executable_path/../Frameworks",
					"@loader_path/../Frameworks",
				);
				PRODUCT_BUNDLE_IDENTIFIER = com.torridigital.iStudioTests;
				PRODUCT_NAME = "$(TARGET_NAME)";
				TEST_HOST = "$(BUILT_PRODUCTS_DIR)/iStudio.app/Contents/MacOS/iStudio";
			};
			name = Debug;
		};
		DE2774801CADA8080051C283 /* Release */ = {
			isa = XCBuildConfiguration;
			buildSettings = {
				BUNDLE_LOADER = "$(TEST_HOST)";
				COMBINE_HIDPI_IMAGES = YES;
				INFOPLIST_FILE = iStudioTests/Info.plist;
				LD_RUNPATH_SEARCH_PATHS = (
					"$(inherited)",
					"@executable_path/../Frameworks",
					"@loader_path/../Frameworks",
				);
				PRODUCT_BUNDLE_IDENTIFIER = com.torridigital.iStudioTests;
				PRODUCT_NAME = "$(TARGET_NAME)";
				TEST_HOST = "$(BUILT_PRODUCTS_DIR)/iStudio.app/Contents/MacOS/iStudio";
			};
			name = Release;
		};
/* End XCBuildConfiguration section */

/* Begin XCConfigurationList section */
		DE27745C1CADA8080051C283 /* Build configuration list for PBXProject "iStudio" */ = {
			isa = XCConfigurationList;
			buildConfigurations = (
				DE2774791CADA8080051C283 /* Debug */,
				DE27747A1CADA8080051C283 /* Release */,
			);
			defaultConfigurationIsVisible = 0;
			defaultConfigurationName = Release;
		};
		DE27747B1CADA8080051C283 /* Build configuration list for PBXNativeTarget "iStudio" */ = {
			isa = XCConfigurationList;
			buildConfigurations = (
				DE27747C1CADA8080051C283 /* Debug */,
				DE27747D1CADA8080051C283 /* Release */,
			);
			defaultConfigurationIsVisible = 0;
			defaultConfigurationName = Release;
		};
		DE27747E1CADA8080051C283 /* Build configuration list for PBXNativeTarget "iStudioTests" */ = {
			isa = XCConfigurationList;
			buildConfigurations = (
				DE27747F1CADA8080051C283 /* Debug */,
				DE2774801CADA8080051C283 /* Release */,
			);
			defaultConfigurationIsVisible = 0;
			defaultConfigurationName = Release;
		};
/* End XCConfigurationList section */
	};
	rootObject = DE2774591CADA8080051C283 /* Project object */;
}
